{
  "version": 1,
  "dependencies": {
    ".NETCoreApp,Version=v5.0": {
      "Microsoft.EntityFrameworkCore.Design": {
        "type": "Direct",
        "requested": "[5.0.5, )",
        "resolved": "5.0.5",
        "contentHash": "bEjgWGrEWtCQl1A3wx1xW+tALhuWHG+0hXFr9G+GrwkVLaZiW0tILqRx1DJ0y4t12dUf8tMsv0LMokKIf8IOFw==",
        "dependencies": {
          "Humanizer.Core": "2.8.26",
          "Microsoft.CSharp": "4.7.0",
          "Microsoft.EntityFrameworkCore.Relational": "5.0.5"
        }
      },
      "Swashbuckle.AspNetCore": {
        "type": "Direct",
        "requested": "[5.6.3, )",
        "resolved": "5.6.3",
        "contentHash": "UkL9GU0mfaA+7RwYjEaBFvAzL8qNQhNqAeV5uaWUu/Z+fVgvK9FHkGCpTXBqSQeIHuZaIElzxnLDdIqGzuCnVg==",
        "dependencies": {
          "Microsoft.Extensions.ApiDescription.Server": "3.0.0",
          "Swashbuckle.AspNetCore.Swagger": "5.6.3",
          "Swashbuckle.AspNetCore.SwaggerGen": "5.6.3",
          "Swashbuckle.AspNetCore.SwaggerUI": "5.6.3"
        }
      },
      "Humanizer.Core": {
        "type": "Transitive",
        "resolved": "2.8.26",
        "contentHash": "OiKusGL20vby4uDEswj2IgkdchC1yQ6rwbIkZDVBPIR6al2b7n3pC91elBul9q33KaBgRKhbZH3+2Ur4fnWx2A=="
      },
      "Microsoft.CSharp": {
        "type": "Transitive",
        "resolved": "4.7.0",
        "contentHash": "pTj+D3uJWyN3My70i2Hqo+OXixq3Os2D1nJ2x92FFo6sk8fYS1m1WLNTs0Dc1uPaViH0YvEEwvzddQ7y4rhXmA=="
      },
      "Microsoft.Data.Sqlite.Core": {
        "type": "Transitive",
        "resolved": "5.0.3",
        "contentHash": "4nfSZVXex4PqQkcVu78/W0E2p3m24mwwqwMadnTPukHWx9Mh234WKg95qG9hs/ynULVGMfMyA1eUJdYDMeKFPw==",
        "dependencies": {
          "SQLitePCLRaw.core": "2.0.4"
        }
      },
      "Microsoft.DotNet.PlatformAbstractions": {
        "type": "Transitive",
        "resolved": "3.1.6",
        "contentHash": "jek4XYaQ/PGUwDKKhwR8K47Uh1189PFzMeLqO83mXrXQVIpARZCcfuDedH50YDTepBkfijCZN5U/vZi++erxtg=="
      },
      "Microsoft.EntityFrameworkCore": {
        "type": "Transitive",
        "resolved": "5.0.5",
        "contentHash": "lBIGKXhduT94Qats0ImMma9NWnsSLhz04JdD+Mi7DeCDPd3hiA668jREzCiLb9FqcmAIrLx8pxIo9cwjEHfYtQ==",
        "dependencies": {
          "Microsoft.EntityFrameworkCore.Abstractions": "5.0.5",
          "Microsoft.EntityFrameworkCore.Analyzers": "5.0.5",
          "Microsoft.Extensions.Caching.Memory": "5.0.0",
          "Microsoft.Extensions.DependencyInjection": "5.0.1",
          "Microsoft.Extensions.Logging": "5.0.0",
          "System.Collections.Immutable": "5.0.0",
          "System.ComponentModel.Annotations": "5.0.0",
          "System.Diagnostics.DiagnosticSource": "5.0.1"
        }
      },
      "Microsoft.EntityFrameworkCore.Abstractions": {
        "type": "Transitive",
        "resolved": "5.0.5",
        "contentHash": "jS7+hySzNS9wCmREbWTVaa5EA+aLT7wb1Si1jhMgAiGrbLQSj6wPnS8WbhO5a7iAq45pDEK0KghtrPDFjfTxVw=="
      },
      "Microsoft.EntityFrameworkCore.Analyzers": {
        "type": "Transitive",
        "resolved": "5.0.5",
        "contentHash": "czVyD5h0etXlrFHln0GPwlhmNm4yFe8vA/xfW/oN26OT8AAWkA6YPjr+z68/kmPqMWFo8UHxvDBZ9g2TiJY9qQ=="
      },
      "Microsoft.EntityFrameworkCore.Relational": {
        "type": "Transitive",
        "resolved": "5.0.5",
        "contentHash": "D+9me6olfUKpti0WkMFsKk9T4uTPZ+3mg/NIwq1Fhp/qQAu9yg2FZTUa0O8ugGuiGyJHfi8tMvh+iCL0LTpG4g==",
        "dependencies": {
          "Microsoft.EntityFrameworkCore": "5.0.5",
          "Microsoft.Extensions.Configuration.Abstractions": "5.0.0"
        }
      },
      "Microsoft.EntityFrameworkCore.Sqlite": {
        "type": "Transitive",
        "resolved": "5.0.3",
        "contentHash": "rny7Bjl3TEfK//oXu0MwtmFKBeFaTvqhH0S3tf7bvXqZWKfgKUjFDIyNTxJhJt08pX+D++38xCql2YPMVfVfpw==",
        "dependencies": {
          "Microsoft.EntityFrameworkCore.Sqlite.Core": "5.0.3",
          "SQLitePCLRaw.bundle_e_sqlite3": "2.0.4"
        }
      },
      "Microsoft.EntityFrameworkCore.Sqlite.Core": {
        "type": "Transitive",
        "resolved": "5.0.3",
        "contentHash": "AZWvPq9/bp6h7r6++D2H+OKgQqlZ+ECgNo7XAXBeo65JNlrCK2tJaoUkp/w9piJE1wFUqMDqDZMJ3V8cr7sGrQ==",
        "dependencies": {
          "Microsoft.Data.Sqlite.Core": "5.0.3",
          "Microsoft.DotNet.PlatformAbstractions": "3.1.6",
          "Microsoft.EntityFrameworkCore.Relational": "5.0.3",
          "Microsoft.Extensions.DependencyModel": "5.0.0"
        }
      },
      "Microsoft.Extensions.ApiDescription.Server": {
        "type": "Transitive",
        "resolved": "3.0.0",
        "contentHash": "LH4OE/76F6sOCslif7+Xh3fS/wUUrE5ryeXAMcoCnuwOQGT5Smw0p57IgDh/pHgHaGz/e+AmEQb7pRgb++wt0w=="
      },
      "Microsoft.Extensions.Caching.Abstractions": {
        "type": "Transitive",
        "resolved": "5.0.0",
        "contentHash": "bu8As90/SBAouMZ6fJ+qRNo1X+KgHGrVueFhhYi+E5WqEhcnp2HoWRFnMzXQ6g4RdZbvPowFerSbKNH4Dtg5yg==",
        "dependencies": {
          "Microsoft.Extensions.Primitives": "5.0.0"
        }
      },
      "Microsoft.Extensions.Caching.Memory": {
        "type": "Transitive",
        "resolved": "5.0.0",
        "contentHash": "/1qPCleFOkJe0O+xmFqCNLFYQZTJz965sVw8CUB/BQgsApBwzAUsL2BUkDvQW+geRUVTXUS9zLa0pBjC2VJ1gA==",
        "dependencies": {
          "Microsoft.Extensions.Caching.Abstractions": "5.0.0",
          "Microsoft.Extensions.DependencyInjection.Abstractions": "5.0.0",
          "Microsoft.Extensions.Logging.Abstractions": "5.0.0",
          "Microsoft.Extensions.Options": "5.0.0",
          "Microsoft.Extensions.Primitives": "5.0.0"
        }
      },
      "Microsoft.Extensions.Configuration.Abstractions": {
        "type": "Transitive",
        "resolved": "5.0.0",
        "contentHash": "ETjSBHMp3OAZ4HxGQYpwyGsD8Sw5FegQXphi0rpoGMT74S4+I2mm7XJEswwn59XAaKOzC15oDSOWEE8SzDCd6Q==",
        "dependencies": {
          "Microsoft.Extensions.Primitives": "5.0.0"
        }
      },
      "Microsoft.Extensions.DependencyInjection": {
        "type": "Transitive",
        "resolved": "5.0.1",
        "contentHash": "//mDNrYeiJ0eh/awFhDFJQzkRVra/njU5Y4fyK7X29g5HScrzbUkKOKlyTtygthcGFt4zNC8G5CFCjb/oizomA==",
        "dependencies": {
          "Microsoft.Extensions.DependencyInjection.Abstractions": "5.0.0"
        }
      },
      "Microsoft.Extensions.DependencyInjection.Abstractions": {
        "type": "Transitive",
        "resolved": "5.0.0",
        "contentHash": "ORj7Zh81gC69TyvmcUm9tSzytcy8AVousi+IVRAI8nLieQjOFryRusSFh7+aLk16FN9pQNqJAiMd7BTKINK0kA=="
      },
      "Microsoft.Extensions.DependencyModel": {
        "type": "Transitive",
        "resolved": "5.0.0",
        "contentHash": "umBECCoMC+sOUgm083yFr8SxTobUOcPFH4AXigdO2xJiszCHAnmeDl4qPphJt+oaJ/XIfV1wOjIts2nRnki61Q=="
      },
      "Microsoft.Extensions.Logging": {
        "type": "Transitive",
        "resolved": "5.0.0",
        "contentHash": "MgOwK6tPzB6YNH21wssJcw/2MKwee8b2gI7SllYfn6rvTpIrVvVS5HAjSU2vqSku1fwqRvWP0MdIi14qjd93Aw==",
        "dependencies": {
          "Microsoft.Extensions.DependencyInjection": "5.0.0",
          "Microsoft.Extensions.DependencyInjection.Abstractions": "5.0.0",
          "Microsoft.Extensions.Logging.Abstractions": "5.0.0",
          "Microsoft.Extensions.Options": "5.0.0"
        }
      },
      "Microsoft.Extensions.Logging.Abstractions": {
        "type": "Transitive",
        "resolved": "5.0.0",
        "contentHash": "NxP6ahFcBnnSfwNBi2KH2Oz8Xl5Sm2krjId/jRR3I7teFphwiUoUeZPwTNA21EX+5PtjqmyAvKaOeBXcJjcH/w=="
      },
      "Microsoft.Extensions.Options": {
        "type": "Transitive",
        "resolved": "5.0.0",
        "contentHash": "CBvR92TCJ5uBIdd9/HzDSrxYak+0W/3+yxrNg8Qm6Bmrkh5L+nu6m3WeazQehcZ5q1/6dDA7J5YdQjim0165zg==",
        "dependencies": {
          "Microsoft.Extensions.DependencyInjection.Abstractions": "5.0.0",
          "Microsoft.Extensions.Primitives": "5.0.0"
        }
      },
      "Microsoft.Extensions.Primitives": {
        "type": "Transitive",
        "resolved": "5.0.0",
        "contentHash": "cI/VWn9G1fghXrNDagX9nYaaB/nokkZn0HYAawGaELQrl8InSezfe9OnfPZLcJq3esXxygh3hkq2c3qoV3SDyQ=="
      },
      "Microsoft.OpenApi": {
        "type": "Transitive",
        "resolved": "1.2.3",
        "contentHash": "Nug3rO+7Kl5/SBAadzSMAVgqDlfGjJZ0GenQrLywJ84XGKO0uRqkunz5Wyl0SDwcR71bAATXvSdbdzPrYRYKGw=="
      },
      "SQLitePCLRaw.bundle_e_sqlite3": {
        "type": "Transitive",
        "resolved": "2.0.4",
        "contentHash": "f5U8Sw0lRym8tTraJ2zm6OqcDrcrEVvcKDtYlKSLs3Ox9SerkwkPXiFXb/uiW0g2tJdUw6oBhsxI/l5DoRxXMg==",
        "dependencies": {
          "SQLitePCLRaw.core": "2.0.4",
          "SQLitePCLRaw.lib.e_sqlite3": "2.0.4",
          "SQLitePCLRaw.provider.dynamic_cdecl": "2.0.4"
        }
      },
      "SQLitePCLRaw.core": {
        "type": "Transitive",
        "resolved": "2.0.4",
        "contentHash": "4XlDZpDAsboMD6qZQcz9AaKblKDUTVHF+8f3lvbP7QjoqSRr2Xc0Lm34IK2pjRIYnyFLhI3yOJ5YWfOiCid2yg==",
        "dependencies": {
          "System.Memory": "4.5.3"
        }
      },
      "SQLitePCLRaw.lib.e_sqlite3": {
        "type": "Transitive",
        "resolved": "2.0.4",
        "contentHash": "oetvmtDZOE4Nnrtxd8Trapl9geBiu0rDCUXff46qGYjnUwzaU1mZ3OHnfR402tl32rx8gBWg3n5OBRaPJRbsGw=="
      },
      "SQLitePCLRaw.provider.dynamic_cdecl": {
        "type": "Transitive",
        "resolved": "2.0.4",
        "contentHash": "AY6+vv/4ji1mCkLrS6HP/88rHT9YFKRyg3LUj8RyIk6imJMUFdQDiP8rK8gq0a/0FbqspLjK1t7rtKcr7FXRYA==",
        "dependencies": {
          "SQLitePCLRaw.core": "2.0.4"
        }
      },
      "Swashbuckle.AspNetCore.Swagger": {
        "type": "Transitive",
        "resolved": "5.6.3",
        "contentHash": "rn/MmLscjg6WSnTZabojx5DQYle2GjPanSPbCU3Kw8Hy72KyQR3uy8R1Aew5vpNALjfUFm2M/vwUtqdOlzw+GA==",
        "dependencies": {
          "Microsoft.OpenApi": "1.2.3"
        }
      },
      "Swashbuckle.AspNetCore.SwaggerGen": {
        "type": "Transitive",
        "resolved": "5.6.3",
        "contentHash": "CkhVeod/iLd3ikVTDOwG5sym8BE5xbqGJ15iF3cC7ZPg2kEwDQL4a88xjkzsvC9oOB2ax6B0rK0EgRK+eOBX+w==",
        "dependencies": {
          "Swashbuckle.AspNetCore.Swagger": "5.6.3"
        }
      },
      "Swashbuckle.AspNetCore.SwaggerUI": {
        "type": "Transitive",
        "resolved": "5.6.3",
        "contentHash": "BPvcPxQRMsYZ3HnYmGKRWDwX4Wo29WHh14Q6B10BB8Yfbbcza+agOC2UrBFA1EuaZuOsFLbp6E2+mqVNF/Je8A=="
      },
      "System.Collections.Immutable": {
        "type": "Transitive",
        "resolved": "5.0.0",
        "contentHash": "FXkLXiK0sVVewcso0imKQoOxjoPAj42R8HtjjbSjVPAzwDfzoyoznWxgA3c38LDbN9SJux1xXoXYAhz98j7r2g=="
      },
      "System.ComponentModel.Annotations": {
        "type": "Transitive",
        "resolved": "5.0.0",
        "contentHash": "dMkqfy2el8A8/I76n2Hi1oBFEbG1SfxD2l5nhwXV3XjlnOmwxJlQbYpJH4W51odnU9sARCSAgv7S3CyAFMkpYg=="
      },
      "System.Diagnostics.DiagnosticSource": {
        "type": "Transitive",
        "resolved": "5.0.1",
        "contentHash": "uXQEYqav2V3zP6OwkOKtLv+qIi6z3m1hsGyKwXX7ZA7htT4shoVccGxnJ9kVRFPNAsi1ArZTq2oh7WOto6GbkQ=="
      },
      "System.Memory": {
        "type": "Transitive",
        "resolved": "4.5.3",
        "contentHash": "3oDzvc/zzetpTKWMShs1AADwZjQ/36HnsufHRPcOjyRAAMLDlu2iD33MBI2opxnezcVUtXyqDXXjoFMOU9c7SA=="
      },
      "core": {
        "type": "Project"
      },
      "infrastructure": {
        "type": "Project",
        "dependencies": {
          "Core": "1.0.0",
          "Microsoft.EntityFrameworkCore.Sqlite": "5.0.3"
        }
      }
    }
  }
}